{
  "originHash" : "13a6c1714d9c6127a523c10f0d34c8e1acc00160be35920f923ed864b32465a5",
  "pins" : [
    {
      "identity" : "screchkit",
      "kind" : "remoteSourceControl",
      "location" : "https://github.com/TopScrech/ScrechKit",
      "state" : {
        "branch" : "main",
        "revision" : "fd773c46059dfaa41dbe3e754ba672f1273ea074"
      }
    }
  ],
  "version" : 3
}
