{
  "originHash" : "9960be53f98c87eb4090f227fa1a8dcbd146f7d1dbe0ace01c8ed6d703e807a7",
  "pins" : [
    {
      "identity" : "screchkit",
      "kind" : "remoteSourceControl",
      "location" : "https://github.com/TopScrech/ScrechKit",
      "state" : {
        "revision" : "bc5f6b5c251ae16c5d29a50a642ac95a9fe8d0e7",
        "version" : "1.0.10"
      }
    }
  ],
  "version" : 3
}
