{
  "originHash" : "6d2c4c50e0b8741c8161a87e2625d4e0af80097ef6d14f3e751fa433757a7860",
  "pins" : [
    {
      "identity" : "screchkit",
      "kind" : "remoteSourceControl",
      "location" : "https://github.com/TopScrech/ScrechKit",
      "state" : {
        "revision" : "40f089e897c48986d101a5630c1597241b40c6c5",
        "version" : "1.0.9"
      }
    }
  ],
  "version" : 3
}
